
Microsoft Visual Studio Solution File, Format Version 12.00
# Visual Studio Version 17
VisualStudioVersion = 17.3.32901.215
MinimumVisualStudioVersion = 10.0.40219.1
Project("{FAE04EC0-301F-11D3-BF4B-00C04F79EFBC}") = "Kinect_Source", "Kinect_Source\Kinect_Source.csproj", "{3DFD70A3-2EFB-49B2-AE6D-AF3565FE9C1D}"
EndProject
Global
	GlobalSection(SolutionConfigurationPlatforms) = preSolution
		Debug|Any CPU = Debug|Any CPU
		Release|Any CPU = Release|Any CPU
	EndGlobalSection
	GlobalSection(ProjectConfigurationPlatforms) = postSolution
		{3DFD70A3-2EFB-49B2-AE6D-AF3565FE9C1D}.Debug|Any CPU.ActiveCfg = Debug|Any CPU
		{3DFD70A3-2EFB-49B2-AE6D-AF3565FE9C1D}.Debug|Any CPU.Build.0 = Debug|Any CPU
		{3DFD70A3-2EFB-49B2-AE6D-AF3565FE9C1D}.Release|Any CPU.ActiveCfg = Release|Any CPU
		{3DFD70A3-2EFB-49B2-AE6D-AF3565FE9C1D}.Release|Any CPU.Build.0 = Release|Any CPU
	EndGlobalSection
	GlobalSection(SolutionProperties) = preSolution
		HideSolutionNode = FALSE
	EndGlobalSection
	GlobalSection(ExtensibilityGlobals) = postSolution
		SolutionGuid = {6BB57D3A-4702-47F4-8BC3-3A049B31094B}
	EndGlobalSection
EndGlobal
